// !$*UTF8*$!
{
	archiveVersion = 1;
	classes = {
	};
	objectVersion = 55;
	objects = {

/* Begin PBXBuildFile section */
		336A230A2971A624008C4C9D /* ServixApp.swift in Sources */ = {isa = PBXBuildFile; fileRef = 336A23092971A624008C4C9D /* ServixApp.swift */; };
		336A230C2971A624008C4C9D /* LoginView.swift in Sources */ = {isa = PBXBuildFile; fileRef = 336A230B2971A624008C4C9D /* LoginView.swift */; };
		336A230E2971A626008C4C9D /* Assets.xcassets in Resources */ = {isa = PBXBuildFile; fileRef = 336A230D2971A626008C4C9D /* Assets.xcassets */; };
		336A23112971A626008C4C9D /* Preview Assets.xcassets in Resources */ = {isa = PBXBuildFile; fileRef = 336A23102971A626008C4C9D /* Preview Assets.xcassets */; };
		336A23182971AEB3008C4C9D /* RegisterView.swift in Sources */ = {isa = PBXBuildFile; fileRef = 336A23172971AEB3008C4C9D /* RegisterView.swift */; };
		33ABADCC29AFA74800261ECF /* TicketView.swift in Sources */ = {isa = PBXBuildFile; fileRef = 33ABADCB29AFA74800261ECF /* TicketView.swift */; };
		33C848E5299E97D400CB1EB0 /* ForgottenPassView.swift in Sources */ = {isa = PBXBuildFile; fileRef = 33C848E4299E97D400CB1EB0 /* ForgottenPassView.swift */; };
		33C848E7299EBAD500CB1EB0 /* Components.swift in Sources */ = {isa = PBXBuildFile; fileRef = 33C848E6299EBAD500CB1EB0 /* Components.swift */; };
		6AD7A4822A210C8300A6E921 /* Project.swift in Sources */ = {isa = PBXBuildFile; fileRef = 6AD7A4812A210C8200A6E921 /* Project.swift */; };
		7F5AC67B29BF6CE3004F1FAB /* ImageSliderView.swift in Sources */ = {isa = PBXBuildFile; fileRef = 7F5AC67A29BF6CE3004F1FAB /* ImageSliderView.swift */; };
		7F98650E29B0F93C00F21121 /* HomeView.swift in Sources */ = {isa = PBXBuildFile; fileRef = 7F98650D29B0F93C00F21121 /* HomeView.swift */; };
		7F98651729B1134D00F21121 /* CustomTabView.swift in Sources */ = {isa = PBXBuildFile; fileRef = 7F98651629B1134D00F21121 /* CustomTabView.swift */; };
		7F98651929B1135800F21121 /* RootView.swift in Sources */ = {isa = PBXBuildFile; fileRef = 7F98651829B1135800F21121 /* RootView.swift */; };
		7F98651B29B1368400F21121 /* ListView.swift in Sources */ = {isa = PBXBuildFile; fileRef = 7F98651A29B1368400F21121 /* ListView.swift */; };
		7F98651D29B1369200F21121 /* ProfileView.swift in Sources */ = {isa = PBXBuildFile; fileRef = 7F98651C29B1369200F21121 /* ProfileView.swift */; };
		7FC90C5329C0E5310056EE87 /* SplashScreenView.swift in Sources */ = {isa = PBXBuildFile; fileRef = 7FC90C5229C0E5310056EE87 /* SplashScreenView.swift */; };
		7FCE0F8129B65337000CE7EF /* UserModel.swift in Sources */ = {isa = PBXBuildFile; fileRef = 7FCE0F8029B65337000CE7EF /* UserModel.swift */; };
		7FCE0F8629B786EF000CE7EF /* ChangePassView.swift in Sources */ = {isa = PBXBuildFile; fileRef = 7FCE0F8529B786EF000CE7EF /* ChangePassView.swift */; };
		FCDFEDE429AE8EFB00B77E93 /* NewEventView.swift in Sources */ = {isa = PBXBuildFile; fileRef = FCDFEDE329AE8EFB00B77E93 /* NewEventView.swift */; };
		FCDFEDE629AE8F2300B77E93 /* NetworkHelper.swift in Sources */ = {isa = PBXBuildFile; fileRef = FCDFEDE529AE8F2300B77E93 /* NetworkHelper.swift */; };
/* End PBXBuildFile section */

/* Begin PBXFileReference section */
		336A23062971A624008C4C9D /* ServixApp.app */ = {isa = PBXFileReference; explicitFileType = wrapper.application; includeInIndex = 0; path = ServixApp.app; sourceTree = BUILT_PRODUCTS_DIR; };
		336A23092971A624008C4C9D /* ServixApp.swift */ = {isa = PBXFileReference; lastKnownFileType = sourcecode.swift; path = ServixApp.swift; sourceTree = "<group>"; };
		336A230B2971A624008C4C9D /* LoginView.swift */ = {isa = PBXFileReference; lastKnownFileType = sourcecode.swift; path = LoginView.swift; sourceTree = "<group>"; };
		336A230D2971A626008C4C9D /* Assets.xcassets */ = {isa = PBXFileReference; lastKnownFileType = folder.assetcatalog; path = Assets.xcassets; sourceTree = "<group>"; };
		336A23102971A626008C4C9D /* Preview Assets.xcassets */ = {isa = PBXFileReference; lastKnownFileType = folder.assetcatalog; path = "Preview Assets.xcassets"; sourceTree = "<group>"; };
		336A23172971AEB3008C4C9D /* RegisterView.swift */ = {isa = PBXFileReference; lastKnownFileType = sourcecode.swift; path = RegisterView.swift; sourceTree = "<group>"; };
		33ABADCB29AFA74800261ECF /* TicketView.swift */ = {isa = PBXFileReference; lastKnownFileType = sourcecode.swift; path = TicketView.swift; sourceTree = "<group>"; };
		33C848E4299E97D400CB1EB0 /* ForgottenPassView.swift */ = {isa = PBXFileReference; lastKnownFileType = sourcecode.swift; path = ForgottenPassView.swift; sourceTree = "<group>"; };
		33C848E6299EBAD500CB1EB0 /* Components.swift */ = {isa = PBXFileReference; lastKnownFileType = sourcecode.swift; path = Components.swift; sourceTree = "<group>"; };
		6AD7A4812A210C8200A6E921 /* Project.swift */ = {isa = PBXFileReference; lastKnownFileType = sourcecode.swift; path = Project.swift; sourceTree = "<group>"; };
		7F5AC67A29BF6CE3004F1FAB /* ImageSliderView.swift */ = {isa = PBXFileReference; lastKnownFileType = sourcecode.swift; path = ImageSliderView.swift; sourceTree = "<group>"; };
		7F98650D29B0F93C00F21121 /* HomeView.swift */ = {isa = PBXFileReference; lastKnownFileType = sourcecode.swift; path = HomeView.swift; sourceTree = "<group>"; };
		7F98651629B1134D00F21121 /* CustomTabView.swift */ = {isa = PBXFileReference; lastKnownFileType = sourcecode.swift; path = CustomTabView.swift; sourceTree = "<group>"; };
		7F98651829B1135800F21121 /* RootView.swift */ = {isa = PBXFileReference; lastKnownFileType = sourcecode.swift; path = RootView.swift; sourceTree = "<group>"; };
		7F98651A29B1368400F21121 /* ListView.swift */ = {isa = PBXFileReference; lastKnownFileType = sourcecode.swift; path = ListView.swift; sourceTree = "<group>"; };
		7F98651C29B1369200F21121 /* ProfileView.swift */ = {isa = PBXFileReference; lastKnownFileType = sourcecode.swift; path = ProfileView.swift; sourceTree = "<group>"; };
		7FC90C5229C0E5310056EE87 /* SplashScreenView.swift */ = {isa = PBXFileReference; lastKnownFileType = sourcecode.swift; path = SplashScreenView.swift; sourceTree = "<group>"; };
		7FCE0F8029B65337000CE7EF /* UserModel.swift */ = {isa = PBXFileReference; lastKnownFileType = sourcecode.swift; path = UserModel.swift; sourceTree = "<group>"; };
		7FCE0F8529B786EF000CE7EF /* ChangePassView.swift */ = {isa = PBXFileReference; lastKnownFileType = sourcecode.swift; path = ChangePassView.swift; sourceTree = "<group>"; };
		FCDFEDE329AE8EFB00B77E93 /* NewEventView.swift */ = {isa = PBXFileReference; lastKnownFileType = sourcecode.swift; path = NewEventView.swift; sourceTree = "<group>"; };
		FCDFEDE529AE8F2300B77E93 /* NetworkHelper.swift */ = {isa = PBXFileReference; lastKnownFileType = sourcecode.swift; path = NetworkHelper.swift; sourceTree = "<group>"; };
/* End PBXFileReference section */

/* Begin PBXFrameworksBuildPhase section */
		336A23032971A624008C4C9D /* Frameworks */ = {
			isa = PBXFrameworksBuildPhase;
			buildActionMask = 2147483647;
			files = (
			);
			runOnlyForDeploymentPostprocessing = 0;
		};
/* End PBXFrameworksBuildPhase section */

/* Begin PBXGroup section */
		336A22FD2971A624008C4C9D = {
			isa = PBXGroup;
			children = (
				336A23082971A624008C4C9D /* ServixApp */,
				336A23072971A624008C4C9D /* Products */,
			);
			sourceTree = "<group>";
		};
		336A23072971A624008C4C9D /* Products */ = {
			isa = PBXGroup;
			children = (
				336A23062971A624008C4C9D /* ServixApp.app */,
			);
			name = Products;
			sourceTree = "<group>";
		};
		336A23082971A624008C4C9D /* ServixApp */ = {
			isa = PBXGroup;
			children = (
				B0CE70CE29B5FBC50098F6A5 /* Models */,
				B0CE70CD29B2D4B30098F6A5 /* Views */,
				7F98651529B1132700F21121 /* CustomBarTest */,
				336A23092971A624008C4C9D /* ServixApp.swift */,
				FCDFEDE529AE8F2300B77E93 /* NetworkHelper.swift */,
				33C848E6299EBAD500CB1EB0 /* Components.swift */,
				336A230D2971A626008C4C9D /* Assets.xcassets */,
				336A230F2971A626008C4C9D /* Preview Content */,
			);
			path = ServixApp;
			sourceTree = "<group>";
		};
		336A230F2971A626008C4C9D /* Preview Content */ = {
			isa = PBXGroup;
			children = (
				336A23102971A626008C4C9D /* Preview Assets.xcassets */,
			);
			path = "Preview Content";
			sourceTree = "<group>";
		};
		7F98651529B1132700F21121 /* CustomBarTest */ = {
			isa = PBXGroup;
			children = (
				7F98651629B1134D00F21121 /* CustomTabView.swift */,
				7F98651829B1135800F21121 /* RootView.swift */,
			);
			path = CustomBarTest;
			sourceTree = "<group>";
		};
		B0CE70CD29B2D4B30098F6A5 /* Views */ = {
			isa = PBXGroup;
			children = (
				33C848E4299E97D400CB1EB0 /* ForgottenPassView.swift */,
				33ABADCB29AFA74800261ECF /* TicketView.swift */,
				7F98650D29B0F93C00F21121 /* HomeView.swift */,
				7F5AC67A29BF6CE3004F1FAB /* ImageSliderView.swift */,
				7FC90C5229C0E5310056EE87 /* SplashScreenView.swift */,
				336A23172971AEB3008C4C9D /* RegisterView.swift */,
				336A230B2971A624008C4C9D /* LoginView.swift */,
				FCDFEDE329AE8EFB00B77E93 /* NewEventView.swift */,
				7F98651A29B1368400F21121 /* ListView.swift */,
				7F98651C29B1369200F21121 /* ProfileView.swift */,
				7FCE0F8529B786EF000CE7EF /* ChangePassView.swift */,
			);
			name = Views;
			sourceTree = "<group>";
		};
		B0CE70CE29B5FBC50098F6A5 /* Models */ = {
			isa = PBXGroup;
			children = (
				7FCE0F8029B65337000CE7EF /* UserModel.swift */,
				6AD7A4812A210C8200A6E921 /* Project.swift */,
			);
			name = Models;
			sourceTree = "<group>";
		};
/* End PBXGroup section */

/* Begin PBXNativeTarget section */
		336A23052971A624008C4C9D /* ServixApp */ = {
			isa = PBXNativeTarget;
			buildConfigurationList = 336A23142971A626008C4C9D /* Build configuration list for PBXNativeTarget "ServixApp" */;
			buildPhases = (
				336A23022971A624008C4C9D /* Sources */,
				336A23032971A624008C4C9D /* Frameworks */,
				336A23042971A624008C4C9D /* Resources */,
			);
			buildRules = (
			);
			dependencies = (
			);
			name = ServixApp;
			productName = ServixApp;
			productReference = 336A23062971A624008C4C9D /* ServixApp.app */;
			productType = "com.apple.product-type.application";
		};
/* End PBXNativeTarget section */

/* Begin PBXProject section */
		336A22FE2971A624008C4C9D /* Project object */ = {
			isa = PBXProject;
			attributes = {
				BuildIndependentTargetsInParallel = 1;
				LastSwiftUpdateCheck = 1340;
				LastUpgradeCheck = 1340;
				TargetAttributes = {
					336A23052971A624008C4C9D = {
						CreatedOnToolsVersion = 13.4.1;
					};
				};
			};
			buildConfigurationList = 336A23012971A624008C4C9D /* Build configuration list for PBXProject "ServixApp" */;
			compatibilityVersion = "Xcode 13.0";
			developmentRegion = en;
			hasScannedForEncodings = 0;
			knownRegions = (
				en,
				Base,
			);
			mainGroup = 336A22FD2971A624008C4C9D;
			productRefGroup = 336A23072971A624008C4C9D /* Products */;
			projectDirPath = "";
			projectRoot = "";
			targets = (
				336A23052971A624008C4C9D /* ServixApp */,
			);
		};
/* End PBXProject section */

/* Begin PBXResourcesBuildPhase section */
		336A23042971A624008C4C9D /* Resources */ = {
			isa = PBXResourcesBuildPhase;
			buildActionMask = 2147483647;
			files = (
				336A23112971A626008C4C9D /* Preview Assets.xcassets in Resources */,
				336A230E2971A626008C4C9D /* Assets.xcassets in Resources */,
			);
			runOnlyForDeploymentPostprocessing = 0;
		};
/* End PBXResourcesBuildPhase section */

/* Begin PBXSourcesBuildPhase section */
		336A23022971A624008C4C9D /* Sources */ = {
			isa = PBXSourcesBuildPhase;
			buildActionMask = 2147483647;
			files = (
				7FC90C5329C0E5310056EE87 /* SplashScreenView.swift in Sources */,
				7F98650E29B0F93C00F21121 /* HomeView.swift in Sources */,
				7F5AC67B29BF6CE3004F1FAB /* ImageSliderView.swift in Sources */,
				7F98651D29B1369200F21121 /* ProfileView.swift in Sources */,
				FCDFEDE629AE8F2300B77E93 /* NetworkHelper.swift in Sources */,
				33C848E5299E97D400CB1EB0 /* ForgottenPassView.swift in Sources */,
				33ABADCC29AFA74800261ECF /* TicketView.swift in Sources */,
				7FCE0F8629B786EF000CE7EF /* ChangePassView.swift in Sources */,
				336A23182971AEB3008C4C9D /* RegisterView.swift in Sources */,
				33C848E7299EBAD500CB1EB0 /* Components.swift in Sources */,
				7F98651729B1134D00F21121 /* CustomTabView.swift in Sources */,
				7FCE0F8129B65337000CE7EF /* UserModel.swift in Sources */,
				7F98651929B1135800F21121 /* RootView.swift in Sources */,
				7F98651B29B1368400F21121 /* ListView.swift in Sources */,
				336A230C2971A624008C4C9D /* LoginView.swift in Sources */,
				FCDFEDE429AE8EFB00B77E93 /* NewEventView.swift in Sources */,
				336A230A2971A624008C4C9D /* ServixApp.swift in Sources */,
				6AD7A4822A210C8300A6E921 /* Project.swift in Sources */,
			);
			runOnlyForDeploymentPostprocessing = 0;
		};
/* End PBXSourcesBuildPhase section */

/* Begin XCBuildConfiguration section */
		336A23122971A626008C4C9D /* Debug */ = {
			isa = XCBuildConfiguration;
			buildSettings = {
				ALWAYS_SEARCH_USER_PATHS = NO;
				CLANG_ANALYZER_NONNULL = YES;
				CLANG_ANALYZER_NUMBER_OBJECT_CONVERSION = YES_AGGRESSIVE;
				CLANG_CXX_LANGUAGE_STANDARD = "gnu++17";
				CLANG_ENABLE_MODULES = YES;
				CLANG_ENABLE_OBJC_ARC = YES;
				CLANG_ENABLE_OBJC_WEAK = YES;
				CLANG_WARN_BLOCK_CAPTURE_AUTORELEASING = YES;
				CLANG_WARN_BOOL_CONVERSION = YES;
				CLANG_WARN_COMMA = YES;
				CLANG_WARN_CONSTANT_CONVERSION = YES;
				CLANG_WARN_DEPRECATED_OBJC_IMPLEMENTATIONS = YES;
				CLANG_WARN_DIRECT_OBJC_ISA_USAGE = YES_ERROR;
				CLANG_WARN_DOCUMENTATION_COMMENTS = YES;
				CLANG_WARN_EMPTY_BODY = YES;
				CLANG_WARN_ENUM_CONVERSION = YES;
				CLANG_WARN_INFINITE_RECURSION = YES;
				CLANG_WARN_INT_CONVERSION = YES;
				CLANG_WARN_NON_LITERAL_NULL_CONVERSION = YES;
				CLANG_WARN_OBJC_IMPLICIT_RETAIN_SELF = YES;
				CLANG_WARN_OBJC_LITERAL_CONVERSION = YES;
				CLANG_WARN_OBJC_ROOT_CLASS = YES_ERROR;
				CLANG_WARN_QUOTED_INCLUDE_IN_FRAMEWORK_HEADER = YES;
				CLANG_WARN_RANGE_LOOP_ANALYSIS = YES;
				CLANG_WARN_STRICT_PROTOTYPES = YES;
				CLANG_WARN_SUSPICIOUS_MOVE = YES;
				CLANG_WARN_UNGUARDED_AVAILABILITY = YES_AGGRESSIVE;
				CLANG_WARN_UNREACHABLE_CODE = YES;
				CLANG_WARN__DUPLICATE_METHOD_MATCH = YES;
				COPY_PHASE_STRIP = NO;
				DEBUG_INFORMATION_FORMAT = dwarf;
				ENABLE_STRICT_OBJC_MSGSEND = YES;
				ENABLE_TESTABILITY = YES;
				GCC_C_LANGUAGE_STANDARD = gnu11;
				GCC_DYNAMIC_NO_PIC = NO;
				GCC_NO_COMMON_BLOCKS = YES;
				GCC_OPTIMIZATION_LEVEL = 0;
				GCC_PREPROCESSOR_DEFINITIONS = (
					"DEBUG=1",
					"$(inherited)",
				);
				GCC_WARN_64_TO_32_BIT_CONVERSION = YES;
				GCC_WARN_ABOUT_RETURN_TYPE = YES_ERROR;
				GCC_WARN_UNDECLARED_SELECTOR = YES;
				GCC_WARN_UNINITIALIZED_AUTOS = YES_AGGRESSIVE;
				GCC_WARN_UNUSED_FUNCTION = YES;
				GCC_WARN_UNUSED_VARIABLE = YES;
				IPHONEOS_DEPLOYMENT_TARGET = 15.5;
				MTL_ENABLE_DEBUG_INFO = INCLUDE_SOURCE;
				MTL_FAST_MATH = YES;
				ONLY_ACTIVE_ARCH = YES;
				SDKROOT = iphoneos;
				SWIFT_ACTIVE_COMPILATION_CONDITIONS = DEBUG;
				SWIFT_OPTIMIZATION_LEVEL = "-Onone";
			};
			name = Debug;
		};
		336A23132971A626008C4C9D /* Release */ = {
			isa = XCBuildConfiguration;
			buildSettings = {
				ALWAYS_SEARCH_USER_PATHS = NO;
				CLANG_ANALYZER_NONNULL = YES;
				CLANG_ANALYZER_NUMBER_OBJECT_CONVERSION = YES_AGGRESSIVE;
				CLANG_CXX_LANGUAGE_STANDARD = "gnu++17";
				CLANG_ENABLE_MODULES = YES;
				CLANG_ENABLE_OBJC_ARC = YES;
				CLANG_ENABLE_OBJC_WEAK = YES;
				CLANG_WARN_BLOCK_CAPTURE_AUTORELEASING = YES;
				CLANG_WARN_BOOL_CONVERSION = YES;
				CLANG_WARN_COMMA = YES;
				CLANG_WARN_CONSTANT_CONVERSION = YES;
				CLANG_WARN_DEPRECATED_OBJC_IMPLEMENTATIONS = YES;
				CLANG_WARN_DIRECT_OBJC_ISA_USAGE = YES_ERROR;
				CLANG_WARN_DOCUMENTATION_COMMENTS = YES;
				CLANG_WARN_EMPTY_BODY = YES;
				CLANG_WARN_ENUM_CONVERSION = YES;
				CLANG_WARN_INFINITE_RECURSION = YES;
				CLANG_WARN_INT_CONVERSION = YES;
				CLANG_WARN_NON_LITERAL_NULL_CONVERSION = YES;
				CLANG_WARN_OBJC_IMPLICIT_RETAIN_SELF = YES;
				CLANG_WARN_OBJC_LITERAL_CONVERSION = YES;
				CLANG_WARN_OBJC_ROOT_CLASS = YES_ERROR;
				CLANG_WARN_QUOTED_INCLUDE_IN_FRAMEWORK_HEADER = YES;
				CLANG_WARN_RANGE_LOOP_ANALYSIS = YES;
				CLANG_WARN_STRICT_PROTOTYPES = YES;
				CLANG_WARN_SUSPICIOUS_MOVE = YES;
				CLANG_WARN_UNGUARDED_AVAILABILITY = YES_AGGRESSIVE;
				CLANG_WARN_UNREACHABLE_CODE = YES;
				CLANG_WARN__DUPLICATE_METHOD_MATCH = YES;
				COPY_PHASE_STRIP = NO;
				DEBUG_INFORMATION_FORMAT = "dwarf-with-dsym";
				ENABLE_NS_ASSERTIONS = NO;
				ENABLE_STRICT_OBJC_MSGSEND = YES;
				GCC_C_LANGUAGE_STANDARD = gnu11;
				GCC_NO_COMMON_BLOCKS = YES;
				GCC_WARN_64_TO_32_BIT_CONVERSION = YES;
				GCC_WARN_ABOUT_RETURN_TYPE = YES_ERROR;
				GCC_WARN_UNDECLARED_SELECTOR = YES;
				GCC_WARN_UNINITIALIZED_AUTOS = YES_AGGRESSIVE;
				GCC_WARN_UNUSED_FUNCTION = YES;
				GCC_WARN_UNUSED_VARIABLE = YES;
				IPHONEOS_DEPLOYMENT_TARGET = 15.5;
				MTL_ENABLE_DEBUG_INFO = NO;
				MTL_FAST_MATH = YES;
				SDKROOT = iphoneos;
				SWIFT_COMPILATION_MODE = wholemodule;
				SWIFT_OPTIMIZATION_LEVEL = "-O";
				VALIDATE_PRODUCT = YES;
			};
			name = Release;
		};
		336A23152971A626008C4C9D /* Debug */ = {
			isa = XCBuildConfiguration;
			buildSettings = {
				ASSETCATALOG_COMPILER_APPICON_NAME = AppIcon;
				ASSETCATALOG_COMPILER_GLOBAL_ACCENT_COLOR_NAME = AccentColor;
				CODE_SIGN_STYLE = Automatic;
				CURRENT_PROJECT_VERSION = 1;
				DEVELOPMENT_ASSET_PATHS = "\"ServixApp/Preview Content\"";
				ENABLE_PREVIEWS = YES;
				GENERATE_INFOPLIST_FILE = YES;
				INFOPLIST_KEY_UIApplicationSceneManifest_Generation = YES;
				INFOPLIST_KEY_UIApplicationSupportsIndirectInputEvents = YES;
				INFOPLIST_KEY_UILaunchScreen_Generation = YES;
				INFOPLIST_KEY_UISupportedInterfaceOrientations_iPad = "UIInterfaceOrientationPortrait UIInterfaceOrientationPortraitUpsideDown UIInterfaceOrientationLandscapeLeft UIInterfaceOrientationLandscapeRight";
				INFOPLIST_KEY_UISupportedInterfaceOrientations_iPhone = "UIInterfaceOrientationPortrait UIInterfaceOrientationLandscapeLeft UIInterfaceOrientationLandscapeRight";
				LD_RUNPATH_SEARCH_PATHS = (
					"$(inherited)",
					"@executable_path/Frameworks",
				);
				MARKETING_VERSION = 1.0;
				PRODUCT_BUNDLE_IDENTIFIER = Servix.ServixApp;
				PRODUCT_NAME = "$(TARGET_NAME)";
				SWIFT_EMIT_LOC_STRINGS = YES;
				SWIFT_VERSION = 5.0;
				TARGETED_DEVICE_FAMILY = "1,2";
			};
			name = Debug;
		};
		336A23162971A626008C4C9D /* Release */ = {
			isa = XCBuildConfiguration;
			buildSettings = {
				ASSETCATALOG_COMPILER_APPICON_NAME = AppIcon;
				ASSETCATALOG_COMPILER_GLOBAL_ACCENT_COLOR_NAME = AccentColor;
				CODE_SIGN_STYLE = Automatic;
				CURRENT_PROJECT_VERSION = 1;
				DEVELOPMENT_ASSET_PATHS = "\"ServixApp/Preview Content\"";
				ENABLE_PREVIEWS = YES;
				GENERATE_INFOPLIST_FILE = YES;
				INFOPLIST_KEY_UIApplicationSceneManifest_Generation = YES;
				INFOPLIST_KEY_UIApplicationSupportsIndirectInputEvents = YES;
				INFOPLIST_KEY_UILaunchScreen_Generation = YES;
				INFOPLIST_KEY_UISupportedInterfaceOrientations_iPad = "UIInterfaceOrientationPortrait UIInterfaceOrientationPortraitUpsideDown UIInterfaceOrientationLandscapeLeft UIInterfaceOrientationLandscapeRight";
				INFOPLIST_KEY_UISupportedInterfaceOrientations_iPhone = "UIInterfaceOrientationPortrait UIInterfaceOrientationLandscapeLeft UIInterfaceOrientationLandscapeRight";
				LD_RUNPATH_SEARCH_PATHS = (
					"$(inherited)",
					"@executable_path/Frameworks",
				);
				MARKETING_VERSION = 1.0;
				PRODUCT_BUNDLE_IDENTIFIER = Servix.ServixApp;
				PRODUCT_NAME = "$(TARGET_NAME)";
				SWIFT_EMIT_LOC_STRINGS = YES;
				SWIFT_VERSION = 5.0;
				TARGETED_DEVICE_FAMILY = "1,2";
			};
			name = Release;
		};
/* End XCBuildConfiguration section */

/* Begin XCConfigurationList section */
		336A23012971A624008C4C9D /* Build configuration list for PBXProject "ServixApp" */ = {
			isa = XCConfigurationList;
			buildConfigurations = (
				336A23122971A626008C4C9D /* Debug */,
				336A23132971A626008C4C9D /* Release */,
			);
			defaultConfigurationIsVisible = 0;
			defaultConfigurationName = Release;
		};
		336A23142971A626008C4C9D /* Build configuration list for PBXNativeTarget "ServixApp" */ = {
			isa = XCConfigurationList;
			buildConfigurations = (
				336A23152971A626008C4C9D /* Debug */,
				336A23162971A626008C4C9D /* Release */,
			);
			defaultConfigurationIsVisible = 0;
			defaultConfigurationName = Release;
		};
/* End XCConfigurationList section */
	};
	rootObject = 336A22FE2971A624008C4C9D /* Project object */;
}
